
Microsoft Visual Studio Solution File, Format Version 12.00
# Visual Studio Version 17
VisualStudioVersion = 17.10.35122.118
MinimumVisualStudioVersion = 10.0.40219.1
Project("{9A19103F-16F7-4668-BE54-9A1E7A4F7556}") = "TestTask", "TestTask\TestTask.csproj", "{460D5AC4-B509-48B5-87FC-5D9CDC90FB7A}"
EndProject
Project("{9A19103F-16F7-4668-BE54-9A1E7A4F7556}") = "DublicateIntChecker", "DublicateIntChecker\DublicateIntChecker.csproj", "{B15B1943-FD63-4B19-8056-965E5B318C52}"
EndProject
Project("{9A19103F-16F7-4668-BE54-9A1E7A4F7556}") = "FibonacciNumberFinder", "FibonacciNumberFinder\FibonacciNumberFinder.csproj", "{AE86D5F8-6244-4167-84E8-A8AF2F7A51E4}"
EndProject
Project("{9A19103F-16F7-4668-BE54-9A1E7A4F7556}") = "Library", "Library\Library.csproj", "{419F608A-0AD9-401C-8609-7FDD1D8BF488}"
EndProject
Global
	GlobalSection(SolutionConfigurationPlatforms) = preSolution
		Debug|Any CPU = Debug|Any CPU
		Release|Any CPU = Release|Any CPU
	EndGlobalSection
	GlobalSection(ProjectConfigurationPlatforms) = postSolution
		{460D5AC4-B509-48B5-87FC-5D9CDC90FB7A}.Debug|Any CPU.ActiveCfg = Debug|Any CPU
		{460D5AC4-B509-48B5-87FC-5D9CDC90FB7A}.Debug|Any CPU.Build.0 = Debug|Any CPU
		{460D5AC4-B509-48B5-87FC-5D9CDC90FB7A}.Release|Any CPU.ActiveCfg = Release|Any CPU
		{460D5AC4-B509-48B5-87FC-5D9CDC90FB7A}.Release|Any CPU.Build.0 = Release|Any CPU
		{B15B1943-FD63-4B19-8056-965E5B318C52}.Debug|Any CPU.ActiveCfg = Debug|Any CPU
		{B15B1943-FD63-4B19-8056-965E5B318C52}.Debug|Any CPU.Build.0 = Debug|Any CPU
		{B15B1943-FD63-4B19-8056-965E5B318C52}.Release|Any CPU.ActiveCfg = Release|Any CPU
		{B15B1943-FD63-4B19-8056-965E5B318C52}.Release|Any CPU.Build.0 = Release|Any CPU
		{AE86D5F8-6244-4167-84E8-A8AF2F7A51E4}.Debug|Any CPU.ActiveCfg = Debug|Any CPU
		{AE86D5F8-6244-4167-84E8-A8AF2F7A51E4}.Debug|Any CPU.Build.0 = Debug|Any CPU
		{AE86D5F8-6244-4167-84E8-A8AF2F7A51E4}.Release|Any CPU.ActiveCfg = Release|Any CPU
		{AE86D5F8-6244-4167-84E8-A8AF2F7A51E4}.Release|Any CPU.Build.0 = Release|Any CPU
		{419F608A-0AD9-401C-8609-7FDD1D8BF488}.Debug|Any CPU.ActiveCfg = Debug|Any CPU
		{419F608A-0AD9-401C-8609-7FDD1D8BF488}.Debug|Any CPU.Build.0 = Debug|Any CPU
		{419F608A-0AD9-401C-8609-7FDD1D8BF488}.Release|Any CPU.ActiveCfg = Release|Any CPU
		{419F608A-0AD9-401C-8609-7FDD1D8BF488}.Release|Any CPU.Build.0 = Release|Any CPU
	EndGlobalSection
	GlobalSection(SolutionProperties) = preSolution
		HideSolutionNode = FALSE
	EndGlobalSection
	GlobalSection(ExtensibilityGlobals) = postSolution
		SolutionGuid = {A0FC15C3-B4D1-4D4C-AEEF-244556CBA8AB}
	EndGlobalSection
EndGlobal
